
Microsoft Visual Studio Solution File, Format Version 12.00
# Visual Studio Version 17
VisualStudioVersion = 17.8.34316.72
MinimumVisualStudioVersion = 10.0.40219.1
Project("{9A19103F-16F7-4668-BE54-9A1E7A4F7556}") = "DNT", "DNT.csproj", "{2DAA7FB1-C473-47EE-9331-EF597650F943}"
EndProject
Project("{9A19103F-16F7-4668-BE54-9A1E7A4F7556}") = "DNT.Domain", "..\DNT.Domain\DNT.Domain.csproj", "{674A2FA4-0651-4856-8E37-247B7012288B}"
EndProject
Project("{9A19103F-16F7-4668-BE54-9A1E7A4F7556}") = "DNT.Infrastructure", "..\DNT.Infrastructure\DNT.Infrastructure.csproj", "{D12E6C82-FDBC-4057-B1D6-13B9402DFAE4}"
EndProject
Global
	GlobalSection(SolutionConfigurationPlatforms) = preSolution
		Debug|Any CPU = Debug|Any CPU
		Release|Any CPU = Release|Any CPU
	EndGlobalSection
	GlobalSection(ProjectConfigurationPlatforms) = postSolution
		{2DAA7FB1-C473-47EE-9331-EF597650F943}.Debug|Any CPU.ActiveCfg = Debug|Any CPU
		{2DAA7FB1-C473-47EE-9331-EF597650F943}.Debug|Any CPU.Build.0 = Debug|Any CPU
		{2DAA7FB1-C473-47EE-9331-EF597650F943}.Release|Any CPU.ActiveCfg = Release|Any CPU
		{2DAA7FB1-C473-47EE-9331-EF597650F943}.Release|Any CPU.Build.0 = Release|Any CPU
		{674A2FA4-0651-4856-8E37-247B7012288B}.Debug|Any CPU.ActiveCfg = Debug|Any CPU
		{674A2FA4-0651-4856-8E37-247B7012288B}.Debug|Any CPU.Build.0 = Debug|Any CPU
		{674A2FA4-0651-4856-8E37-247B7012288B}.Release|Any CPU.ActiveCfg = Release|Any CPU
		{674A2FA4-0651-4856-8E37-247B7012288B}.Release|Any CPU.Build.0 = Release|Any CPU
		{D12E6C82-FDBC-4057-B1D6-13B9402DFAE4}.Debug|Any CPU.ActiveCfg = Debug|Any CPU
		{D12E6C82-FDBC-4057-B1D6-13B9402DFAE4}.Debug|Any CPU.Build.0 = Debug|Any CPU
		{D12E6C82-FDBC-4057-B1D6-13B9402DFAE4}.Release|Any CPU.ActiveCfg = Release|Any CPU
		{D12E6C82-FDBC-4057-B1D6-13B9402DFAE4}.Release|Any CPU.Build.0 = Release|Any CPU
	EndGlobalSection
	GlobalSection(SolutionProperties) = preSolution
		HideSolutionNode = FALSE
	EndGlobalSection
	GlobalSection(ExtensibilityGlobals) = postSolution
		SolutionGuid = {AC3C8868-466F-401D-840C-CB8AE3A0537E}
	EndGlobalSection
EndGlobal
